// !$*UTF8*$!
{
	archiveVersion = 1;
	classes = {
	};
	objectVersion = 50;
	objects = {

/* Begin PBXBuildFile section */
		183281A1213F6B8100CEC4B8 /* FiveStoneCollectionViewCell.swift in Sources */ = {isa = PBXBuildFile; fileRef = 183281A0213F6B8100CEC4B8 /* FiveStoneCollectionViewCell.swift */; };
		183281A3213F6EBE00CEC4B8 /* Stone.swift in Sources */ = {isa = PBXBuildFile; fileRef = 183281A2213F6EBE00CEC4B8 /* Stone.swift */; };
		183281A5213F8B2B00CEC4B8 /* FiveStoneController.swift in Sources */ = {isa = PBXBuildFile; fileRef = 183281A4213F8B2B00CEC4B8 /* FiveStoneController.swift */; };
		18426814213E558300737CBA /* AppDelegate.swift in Sources */ = {isa = PBXBuildFile; fileRef = 18426813213E558300737CBA /* AppDelegate.swift */; };
		18426816213E558300737CBA /* ViewController.swift in Sources */ = {isa = PBXBuildFile; fileRef = 18426815213E558300737CBA /* ViewController.swift */; };
		18426819213E558300737CBA /* Main.storyboard in Resources */ = {isa = PBXBuildFile; fileRef = 18426817213E558300737CBA /* Main.storyboard */; };
		1842681B213E558400737CBA /* Assets.xcassets in Resources */ = {isa = PBXBuildFile; fileRef = 1842681A213E558400737CBA /* Assets.xcassets */; };
		1842681E213E558400737CBA /* LaunchScreen.storyboard in Resources */ = {isa = PBXBuildFile; fileRef = 1842681C213E558400737CBA /* LaunchScreen.storyboard */; };
		18426826213E6AA300737CBA /* FiveStoneBase.swift in Sources */ = {isa = PBXBuildFile; fileRef = 18426825213E6AA300737CBA /* FiveStoneBase.swift */; };
/* End PBXBuildFile section */

/* Begin PBXFileReference section */
		183281A0213F6B8100CEC4B8 /* FiveStoneCollectionViewCell.swift */ = {isa = PBXFileReference; lastKnownFileType = sourcecode.swift; path = FiveStoneCollectionViewCell.swift; sourceTree = "<group>"; };
		183281A2213F6EBE00CEC4B8 /* Stone.swift */ = {isa = PBXFileReference; lastKnownFileType = sourcecode.swift; path = Stone.swift; sourceTree = "<group>"; };
		183281A4213F8B2B00CEC4B8 /* FiveStoneController.swift */ = {isa = PBXFileReference; lastKnownFileType = sourcecode.swift; path = FiveStoneController.swift; sourceTree = "<group>"; };
		18426810213E558300737CBA /* five_stone.app */ = {isa = PBXFileReference; explicitFileType = wrapper.application; includeInIndex = 0; path = five_stone.app; sourceTree = BUILT_PRODUCTS_DIR; };
		18426813213E558300737CBA /* AppDelegate.swift */ = {isa = PBXFileReference; lastKnownFileType = sourcecode.swift; path = AppDelegate.swift; sourceTree = "<group>"; };
		18426815213E558300737CBA /* ViewController.swift */ = {isa = PBXFileReference; lastKnownFileType = sourcecode.swift; path = ViewController.swift; sourceTree = "<group>"; };
		18426818213E558300737CBA /* Base */ = {isa = PBXFileReference; lastKnownFileType = file.storyboard; name = Base; path = Base.lproj/Main.storyboard; sourceTree = "<group>"; };
		1842681A213E558400737CBA /* Assets.xcassets */ = {isa = PBXFileReference; lastKnownFileType = folder.assetcatalog; path = Assets.xcassets; sourceTree = "<group>"; };
		1842681D213E558400737CBA /* Base */ = {isa = PBXFileReference; lastKnownFileType = file.storyboard; name = Base; path = Base.lproj/LaunchScreen.storyboard; sourceTree = "<group>"; };
		1842681F213E558400737CBA /* Info.plist */ = {isa = PBXFileReference; lastKnownFileType = text.plist.xml; path = Info.plist; sourceTree = "<group>"; };
		18426825213E6AA300737CBA /* FiveStoneBase.swift */ = {isa = PBXFileReference; lastKnownFileType = sourcecode.swift; path = FiveStoneBase.swift; sourceTree = "<group>"; };
/* End PBXFileReference section */

/* Begin PBXFrameworksBuildPhase section */
		1842680D213E558300737CBA /* Frameworks */ = {
			isa = PBXFrameworksBuildPhase;
			buildActionMask = 2147483647;
			files = (
			);
			runOnlyForDeploymentPostprocessing = 0;
		};
/* End PBXFrameworksBuildPhase section */

/* Begin PBXGroup section */
		18426807213E558300737CBA = {
			isa = PBXGroup;
			children = (
				18426812213E558300737CBA /* five_stone */,
				18426811213E558300737CBA /* Products */,
			);
			sourceTree = "<group>";
		};
		18426811213E558300737CBA /* Products */ = {
			isa = PBXGroup;
			children = (
				18426810213E558300737CBA /* five_stone.app */,
			);
			name = Products;
			sourceTree = "<group>";
		};
		18426812213E558300737CBA /* five_stone */ = {
			isa = PBXGroup;
			children = (
				18426813213E558300737CBA /* AppDelegate.swift */,
				18426815213E558300737CBA /* ViewController.swift */,
				18426817213E558300737CBA /* Main.storyboard */,
				1842681A213E558400737CBA /* Assets.xcassets */,
				1842681C213E558400737CBA /* LaunchScreen.storyboard */,
				1842681F213E558400737CBA /* Info.plist */,
				18426825213E6AA300737CBA /* FiveStoneBase.swift */,
				183281A0213F6B8100CEC4B8 /* FiveStoneCollectionViewCell.swift */,
				183281A2213F6EBE00CEC4B8 /* Stone.swift */,
				183281A4213F8B2B00CEC4B8 /* FiveStoneController.swift */,
			);
			path = five_stone;
			sourceTree = "<group>";
		};
/* End PBXGroup section */

/* Begin PBXNativeTarget section */
		1842680F213E558300737CBA /* five_stone */ = {
			isa = PBXNativeTarget;
			buildConfigurationList = 18426822213E558400737CBA /* Build configuration list for PBXNativeTarget "five_stone" */;
			buildPhases = (
				1842680C213E558300737CBA /* Sources */,
				1842680D213E558300737CBA /* Frameworks */,
				1842680E213E558300737CBA /* Resources */,
			);
			buildRules = (
			);
			dependencies = (
			);
			name = five_stone;
			productName = five_stone;
			productReference = 18426810213E558300737CBA /* five_stone.app */;
			productType = "com.apple.product-type.application";
		};
/* End PBXNativeTarget section */

/* Begin PBXProject section */
		18426808213E558300737CBA /* Project object */ = {
			isa = PBXProject;
			attributes = {
				LastSwiftUpdateCheck = 0940;
				LastUpgradeCheck = 0940;
				ORGANIZATIONNAME = hyh;
				TargetAttributes = {
					1842680F213E558300737CBA = {
						CreatedOnToolsVersion = 9.4.1;
					};
				};
			};
			buildConfigurationList = 1842680B213E558300737CBA /* Build configuration list for PBXProject "five_stone" */;
			compatibilityVersion = "Xcode 9.3";
			developmentRegion = en;
			hasScannedForEncodings = 0;
			knownRegions = (
				en,
				Base,
			);
			mainGroup = 18426807213E558300737CBA;
			productRefGroup = 18426811213E558300737CBA /* Products */;
			projectDirPath = "";
			projectRoot = "";
			targets = (
				1842680F213E558300737CBA /* five_stone */,
			);
		};
/* End PBXProject section */

/* Begin PBXResourcesBuildPhase section */
		1842680E213E558300737CBA /* Resources */ = {
			isa = PBXResourcesBuildPhase;
			buildActionMask = 2147483647;
			files = (
				1842681E213E558400737CBA /* LaunchScreen.storyboard in Resources */,
				1842681B213E558400737CBA /* Assets.xcassets in Resources */,
				18426819213E558300737CBA /* Main.storyboard in Resources */,
			);
			runOnlyForDeploymentPostprocessing = 0;
		};
/* End PBXResourcesBuildPhase section */

/* Begin PBXSourcesBuildPhase section */
		1842680C213E558300737CBA /* Sources */ = {
			isa = PBXSourcesBuildPhase;
			buildActionMask = 2147483647;
			files = (
				183281A3213F6EBE00CEC4B8 /* Stone.swift in Sources */,
				183281A5213F8B2B00CEC4B8 /* FiveStoneController.swift in Sources */,
				18426816213E558300737CBA /* ViewController.swift in Sources */,
				18426814213E558300737CBA /* AppDelegate.swift in Sources */,
				183281A1213F6B8100CEC4B8 /* FiveStoneCollectionViewCell.swift in Sources */,
				18426826213E6AA300737CBA /* FiveStoneBase.swift in Sources */,
			);
			runOnlyForDeploymentPostprocessing = 0;
		};
/* End PBXSourcesBuildPhase section */

/* Begin PBXVariantGroup section */
		18426817213E558300737CBA /* Main.storyboard */ = {
			isa = PBXVariantGroup;
			children = (
				18426818213E558300737CBA /* Base */,
			);
			name = Main.storyboard;
			sourceTree = "<group>";
		};
		1842681C213E558400737CBA /* LaunchScreen.storyboard */ = {
			isa = PBXVariantGroup;
			children = (
				1842681D213E558400737CBA /* Base */,
			);
			name = LaunchScreen.storyboard;
			sourceTree = "<group>";
		};
/* End PBXVariantGroup section */

/* Begin XCBuildConfiguration section */
		18426820213E558400737CBA /* Debug */ = {
			isa = XCBuildConfiguration;
			buildSettings = {
				ALWAYS_SEARCH_USER_PATHS = NO;
				CLANG_ANALYZER_NONNULL = YES;
				CLANG_ANALYZER_NUMBER_OBJECT_CONVERSION = YES_AGGRESSIVE;
				CLANG_CXX_LANGUAGE_STANDARD = "gnu++14";
				CLANG_CXX_LIBRARY = "libc++";
				CLANG_ENABLE_MODULES = YES;
				CLANG_ENABLE_OBJC_ARC = YES;
				CLANG_ENABLE_OBJC_WEAK = YES;
				CLANG_WARN_BLOCK_CAPTURE_AUTORELEASING = YES;
				CLANG_WARN_BOOL_CONVERSION = YES;
				CLANG_WARN_COMMA = YES;
				CLANG_WARN_CONSTANT_CONVERSION = YES;
				CLANG_WARN_DEPRECATED_OBJC_IMPLEMENTATIONS = YES;
				CLANG_WARN_DIRECT_OBJC_ISA_USAGE = YES_ERROR;
				CLANG_WARN_DOCUMENTATION_COMMENTS = YES;
				CLANG_WARN_EMPTY_BODY = YES;
				CLANG_WARN_ENUM_CONVERSION = YES;
				CLANG_WARN_INFINITE_RECURSION = YES;
				CLANG_WARN_INT_CONVERSION = YES;
				CLANG_WARN_NON_LITERAL_NULL_CONVERSION = YES;
				CLANG_WARN_OBJC_IMPLICIT_RETAIN_SELF = YES;
				CLANG_WARN_OBJC_LITERAL_CONVERSION = YES;
				CLANG_WARN_OBJC_ROOT_CLASS = YES_ERROR;
				CLANG_WARN_RANGE_LOOP_ANALYSIS = YES;
				CLANG_WARN_STRICT_PROTOTYPES = YES;
				CLANG_WARN_SUSPICIOUS_MOVE = YES;
				CLANG_WARN_UNGUARDED_AVAILABILITY = YES_AGGRESSIVE;
				CLANG_WARN_UNREACHABLE_CODE = YES;
				CLANG_WARN__DUPLICATE_METHOD_MATCH = YES;
				CODE_SIGN_IDENTITY = "iPhone Developer";
				COPY_PHASE_STRIP = NO;
				DEBUG_INFORMATION_FORMAT = dwarf;
				ENABLE_STRICT_OBJC_MSGSEND = YES;
				ENABLE_TESTABILITY = YES;
				GCC_C_LANGUAGE_STANDARD = gnu11;
				GCC_DYNAMIC_NO_PIC = NO;
				GCC_NO_COMMON_BLOCKS = YES;
				GCC_OPTIMIZATION_LEVEL = 0;
				GCC_PREPROCESSOR_DEFINITIONS = (
					"DEBUG=1",
					"$(inherited)",
				);
				GCC_WARN_64_TO_32_BIT_CONVERSION = YES;
				GCC_WARN_ABOUT_RETURN_TYPE = YES_ERROR;
				GCC_WARN_UNDECLARED_SELECTOR = YES;
				GCC_WARN_UNINITIALIZED_AUTOS = YES_AGGRESSIVE;
				GCC_WARN_UNUSED_FUNCTION = YES;
				GCC_WARN_UNUSED_VARIABLE = YES;
				IPHONEOS_DEPLOYMENT_TARGET = 11.4;
				MTL_ENABLE_DEBUG_INFO = YES;
				ONLY_ACTIVE_ARCH = YES;
				SDKROOT = iphoneos;
				SWIFT_ACTIVE_COMPILATION_CONDITIONS = DEBUG;
				SWIFT_OPTIMIZATION_LEVEL = "-Onone";
			};
			name = Debug;
		};
		18426821213E558400737CBA /* Release */ = {
			isa = XCBuildConfiguration;
			buildSettings = {
				ALWAYS_SEARCH_USER_PATHS = NO;
				CLANG_ANALYZER_NONNULL = YES;
				CLANG_ANALYZER_NUMBER_OBJECT_CONVERSION = YES_AGGRESSIVE;
				CLANG_CXX_LANGUAGE_STANDARD = "gnu++14";
				CLANG_CXX_LIBRARY = "libc++";
				CLANG_ENABLE_MODULES = YES;
				CLANG_ENABLE_OBJC_ARC = YES;
				CLANG_ENABLE_OBJC_WEAK = YES;
				CLANG_WARN_BLOCK_CAPTURE_AUTORELEASING = YES;
				CLANG_WARN_BOOL_CONVERSION = YES;
				CLANG_WARN_COMMA = YES;
				CLANG_WARN_CONSTANT_CONVERSION = YES;
				CLANG_WARN_DEPRECATED_OBJC_IMPLEMENTATIONS = YES;
				CLANG_WARN_DIRECT_OBJC_ISA_USAGE = YES_ERROR;
				CLANG_WARN_DOCUMENTATION_COMMENTS = YES;
				CLANG_WARN_EMPTY_BODY = YES;
				CLANG_WARN_ENUM_CONVERSION = YES;
				CLANG_WARN_INFINITE_RECURSION = YES;
				CLANG_WARN_INT_CONVERSION = YES;
				CLANG_WARN_NON_LITERAL_NULL_CONVERSION = YES;
				CLANG_WARN_OBJC_IMPLICIT_RETAIN_SELF = YES;
				CLANG_WARN_OBJC_LITERAL_CONVERSION = YES;
				CLANG_WARN_OBJC_ROOT_CLASS = YES_ERROR;
				CLANG_WARN_RANGE_LOOP_ANALYSIS = YES;
				CLANG_WARN_STRICT_PROTOTYPES = YES;
				CLANG_WARN_SUSPICIOUS_MOVE = YES;
				CLANG_WARN_UNGUARDED_AVAILABILITY = YES_AGGRESSIVE;
				CLANG_WARN_UNREACHABLE_CODE = YES;
				CLANG_WARN__DUPLICATE_METHOD_MATCH = YES;
				CODE_SIGN_IDENTITY = "iPhone Developer";
				COPY_PHASE_STRIP = NO;
				DEBUG_INFORMATION_FORMAT = "dwarf-with-dsym";
				ENABLE_NS_ASSERTIONS = NO;
				ENABLE_STRICT_OBJC_MSGSEND = YES;
				GCC_C_LANGUAGE_STANDARD = gnu11;
				GCC_NO_COMMON_BLOCKS = YES;
				GCC_WARN_64_TO_32_BIT_CONVERSION = YES;
				GCC_WARN_ABOUT_RETURN_TYPE = YES_ERROR;
				GCC_WARN_UNDECLARED_SELECTOR = YES;
				GCC_WARN_UNINITIALIZED_AUTOS = YES_AGGRESSIVE;
				GCC_WARN_UNUSED_FUNCTION = YES;
				GCC_WARN_UNUSED_VARIABLE = YES;
				IPHONEOS_DEPLOYMENT_TARGET = 11.4;
				MTL_ENABLE_DEBUG_INFO = NO;
				SDKROOT = iphoneos;
				SWIFT_COMPILATION_MODE = wholemodule;
				SWIFT_OPTIMIZATION_LEVEL = "-O";
				VALIDATE_PRODUCT = YES;
			};
			name = Release;
		};
		18426823213E558400737CBA /* Debug */ = {
			isa = XCBuildConfiguration;
			buildSettings = {
				ASSETCATALOG_COMPILER_APPICON_NAME = AppIcon;
				CODE_SIGN_STYLE = Automatic;
				DEVELOPMENT_TEAM = BAWY5JMEX7;
				INFOPLIST_FILE = five_stone/Info.plist;
				LD_RUNPATH_SEARCH_PATHS = (
					"$(inherited)",
					"@executable_path/Frameworks",
				);
				PRODUCT_BUNDLE_IDENTIFIER = "saeha.five-stone";
				PRODUCT_NAME = "$(TARGET_NAME)";
				SWIFT_VERSION = 4.0;
				TARGETED_DEVICE_FAMILY = "1,2";
			};
			name = Debug;
		};
		18426824213E558400737CBA /* Release */ = {
			isa = XCBuildConfiguration;
			buildSettings = {
				ASSETCATALOG_COMPILER_APPICON_NAME = AppIcon;
				CODE_SIGN_STYLE = Automatic;
				DEVELOPMENT_TEAM = BAWY5JMEX7;
				INFOPLIST_FILE = five_stone/Info.plist;
				LD_RUNPATH_SEARCH_PATHS = (
					"$(inherited)",
					"@executable_path/Frameworks",
				);
				PRODUCT_BUNDLE_IDENTIFIER = "saeha.five-stone";
				PRODUCT_NAME = "$(TARGET_NAME)";
				SWIFT_VERSION = 4.0;
				TARGETED_DEVICE_FAMILY = "1,2";
			};
			name = Release;
		};
/* End XCBuildConfiguration section */

/* Begin XCConfigurationList section */
		1842680B213E558300737CBA /* Build configuration list for PBXProject "five_stone" */ = {
			isa = XCConfigurationList;
			buildConfigurations = (
				18426820213E558400737CBA /* Debug */,
				18426821213E558400737CBA /* Release */,
			);
			defaultConfigurationIsVisible = 0;
			defaultConfigurationName = Release;
		};
		18426822213E558400737CBA /* Build configuration list for PBXNativeTarget "five_stone" */ = {
			isa = XCConfigurationList;
			buildConfigurations = (
				18426823213E558400737CBA /* Debug */,
				18426824213E558400737CBA /* Release */,
			);
			defaultConfigurationIsVisible = 0;
			defaultConfigurationName = Release;
		};
/* End XCConfigurationList section */
	};
	rootObject = 18426808213E558300737CBA /* Project object */;
}
